// !$*UTF8*$!
{
	archiveVersion = 1;
	classes = {
	};
	objectVersion = 56;
	objects = {

/* Begin PBXBuildFile section */
		B826ACA929D33B7B00FE1628 /* Main.swift in Sources */ = {isa = PBXBuildFile; fileRef = B826ACA829D33B7B00FE1628 /* Main.swift */; };
		B826ACAD29D33B7D00FE1628 /* Assets.xcassets in Resources */ = {isa = PBXBuildFile; fileRef = B826ACAC29D33B7D00FE1628 /* Assets.xcassets */; };
		B826ACB029D33B7D00FE1628 /* PreviewAssets.xcassets in Resources */ = {isa = PBXBuildFile; fileRef = B826ACAF29D33B7D00FE1628 /* PreviewAssets.xcassets */; };
		B826ACBA29D33B7D00FE1628 /* BitFlyerAssessmentTests.swift in Sources */ = {isa = PBXBuildFile; fileRef = B826ACB929D33B7D00FE1628 /* BitFlyerAssessmentTests.swift */; };
		B826ACC429D33B7D00FE1628 /* BitFlyerAssessmentUITests.swift in Sources */ = {isa = PBXBuildFile; fileRef = B826ACC329D33B7D00FE1628 /* BitFlyerAssessmentUITests.swift */; };
		B826ACC629D33B7D00FE1628 /* BitFlyerAssessmentUITestsLaunchTests.swift in Sources */ = {isa = PBXBuildFile; fileRef = B826ACC529D33B7D00FE1628 /* BitFlyerAssessmentUITestsLaunchTests.swift */; };
		B826ACE929D3508200FE1628 /* Config.swift in Sources */ = {isa = PBXBuildFile; fileRef = B826ACE829D3508200FE1628 /* Config.swift */; };
		B826ACEE29D36C8500FE1628 /* HomeView.swift in Sources */ = {isa = PBXBuildFile; fileRef = B826ACED29D36C8500FE1628 /* HomeView.swift */; };
/* End PBXBuildFile section */

/* Begin PBXContainerItemProxy section */
		B826ACB629D33B7D00FE1628 /* PBXContainerItemProxy */ = {
			isa = PBXContainerItemProxy;
			containerPortal = B826AC9D29D33B7B00FE1628 /* Project object */;
			proxyType = 1;
			remoteGlobalIDString = B826ACA429D33B7B00FE1628;
			remoteInfo = BitFlyerAssessment;
		};
		B826ACC029D33B7D00FE1628 /* PBXContainerItemProxy */ = {
			isa = PBXContainerItemProxy;
			containerPortal = B826AC9D29D33B7B00FE1628 /* Project object */;
			proxyType = 1;
			remoteGlobalIDString = B826ACA429D33B7B00FE1628;
			remoteInfo = BitFlyerAssessment;
		};
/* End PBXContainerItemProxy section */

/* Begin PBXFileReference section */
		B826ACA529D33B7B00FE1628 /* BitFlyerAssessment.app */ = {isa = PBXFileReference; explicitFileType = wrapper.application; includeInIndex = 0; path = BitFlyerAssessment.app; sourceTree = BUILT_PRODUCTS_DIR; };
		B826ACA829D33B7B00FE1628 /* Main.swift */ = {isa = PBXFileReference; lastKnownFileType = sourcecode.swift; path = Main.swift; sourceTree = "<group>"; };
		B826ACAC29D33B7D00FE1628 /* Assets.xcassets */ = {isa = PBXFileReference; lastKnownFileType = folder.assetcatalog; path = Assets.xcassets; sourceTree = "<group>"; };
		B826ACAF29D33B7D00FE1628 /* PreviewAssets.xcassets */ = {isa = PBXFileReference; lastKnownFileType = folder.assetcatalog; path = PreviewAssets.xcassets; sourceTree = "<group>"; };
		B826ACB529D33B7D00FE1628 /* BitFlyerAssessment_UnitTests.xctest */ = {isa = PBXFileReference; explicitFileType = wrapper.cfbundle; includeInIndex = 0; path = BitFlyerAssessment_UnitTests.xctest; sourceTree = BUILT_PRODUCTS_DIR; };
		B826ACB929D33B7D00FE1628 /* BitFlyerAssessmentTests.swift */ = {isa = PBXFileReference; lastKnownFileType = sourcecode.swift; path = BitFlyerAssessmentTests.swift; sourceTree = "<group>"; };
		B826ACBF29D33B7D00FE1628 /* BitFlyerAssessment_UITests.xctest */ = {isa = PBXFileReference; explicitFileType = wrapper.cfbundle; includeInIndex = 0; path = BitFlyerAssessment_UITests.xctest; sourceTree = BUILT_PRODUCTS_DIR; };
		B826ACC329D33B7D00FE1628 /* BitFlyerAssessmentUITests.swift */ = {isa = PBXFileReference; lastKnownFileType = sourcecode.swift; path = BitFlyerAssessmentUITests.swift; sourceTree = "<group>"; };
		B826ACC529D33B7D00FE1628 /* BitFlyerAssessmentUITestsLaunchTests.swift */ = {isa = PBXFileReference; lastKnownFileType = sourcecode.swift; path = BitFlyerAssessmentUITestsLaunchTests.swift; sourceTree = "<group>"; };
		B826ACD429D342FA00FE1628 /* Production.xcconfig */ = {isa = PBXFileReference; lastKnownFileType = text.xcconfig; path = Production.xcconfig; sourceTree = "<group>"; };
		B826ACD529D3431200FE1628 /* Staging.xcconfig */ = {isa = PBXFileReference; lastKnownFileType = text.xcconfig; path = Staging.xcconfig; sourceTree = "<group>"; };
		B826ACD629D3432500FE1628 /* Base.xcconfig */ = {isa = PBXFileReference; lastKnownFileType = text.xcconfig; path = Base.xcconfig; sourceTree = "<group>"; };
		B826ACDF29D345A600FE1628 /* Version.xcconfig */ = {isa = PBXFileReference; lastKnownFileType = text.xcconfig; path = Version.xcconfig; sourceTree = "<group>"; };
		B826ACE029D3475D00FE1628 /* Production-Debug.xcconfig */ = {isa = PBXFileReference; lastKnownFileType = text.xcconfig; path = "Production-Debug.xcconfig"; sourceTree = "<group>"; };
		B826ACE129D3476B00FE1628 /* Staging-Debug.xcconfig */ = {isa = PBXFileReference; lastKnownFileType = text.xcconfig; path = "Staging-Debug.xcconfig"; sourceTree = "<group>"; };
		B826ACE229D3477800FE1628 /* Production-Release.xcconfig */ = {isa = PBXFileReference; lastKnownFileType = text.xcconfig; path = "Production-Release.xcconfig"; sourceTree = "<group>"; };
		B826ACE329D3478800FE1628 /* Staging-Release.xcconfig */ = {isa = PBXFileReference; lastKnownFileType = text.xcconfig; path = "Staging-Release.xcconfig"; sourceTree = "<group>"; };
		B826ACE429D3487C00FE1628 /* Base-Debug.xcconfig */ = {isa = PBXFileReference; lastKnownFileType = text.xcconfig; path = "Base-Debug.xcconfig"; sourceTree = "<group>"; };
		B826ACE529D3488F00FE1628 /* Base-Release.xcconfig */ = {isa = PBXFileReference; lastKnownFileType = text.xcconfig; path = "Base-Release.xcconfig"; sourceTree = "<group>"; };
		B826ACE829D3508200FE1628 /* Config.swift */ = {isa = PBXFileReference; lastKnownFileType = sourcecode.swift; path = Config.swift; sourceTree = "<group>"; };
		B826ACEA29D3565D00FE1628 /* Info-Main.plist */ = {isa = PBXFileReference; lastKnownFileType = text.plist.xml; path = "Info-Main.plist"; sourceTree = "<group>"; };
		B826ACED29D36C8500FE1628 /* HomeView.swift */ = {isa = PBXFileReference; lastKnownFileType = sourcecode.swift; path = HomeView.swift; sourceTree = "<group>"; };
/* End PBXFileReference section */

/* Begin PBXFrameworksBuildPhase section */
		B826ACA229D33B7B00FE1628 /* Frameworks */ = {
			isa = PBXFrameworksBuildPhase;
			buildActionMask = 2147483647;
			files = (
			);
			runOnlyForDeploymentPostprocessing = 0;
		};
		B826ACB229D33B7D00FE1628 /* Frameworks */ = {
			isa = PBXFrameworksBuildPhase;
			buildActionMask = 2147483647;
			files = (
			);
			runOnlyForDeploymentPostprocessing = 0;
		};
		B826ACBC29D33B7D00FE1628 /* Frameworks */ = {
			isa = PBXFrameworksBuildPhase;
			buildActionMask = 2147483647;
			files = (
			);
			runOnlyForDeploymentPostprocessing = 0;
		};
/* End PBXFrameworksBuildPhase section */

/* Begin PBXGroup section */
		B826AC9C29D33B7B00FE1628 = {
			isa = PBXGroup;
			children = (
				B826ACA729D33B7B00FE1628 /* Source */,
				B826ACD229D3419300FE1628 /* SupportingFiles */,
				B826ACB829D33B7D00FE1628 /* UnitTests */,
				B826ACC229D33B7D00FE1628 /* UITests */,
				B826ACA629D33B7B00FE1628 /* Products */,
			);
			sourceTree = "<group>";
		};
		B826ACA629D33B7B00FE1628 /* Products */ = {
			isa = PBXGroup;
			children = (
				B826ACA529D33B7B00FE1628 /* BitFlyerAssessment.app */,
				B826ACB529D33B7D00FE1628 /* BitFlyerAssessment_UnitTests.xctest */,
				B826ACBF29D33B7D00FE1628 /* BitFlyerAssessment_UITests.xctest */,
			);
			name = Products;
			sourceTree = "<group>";
		};
		B826ACA729D33B7B00FE1628 /* Source */ = {
			isa = PBXGroup;
			children = (
				B826ACE729D3506F00FE1628 /* Utilities */,
				B826ACA829D33B7B00FE1628 /* Main.swift */,
				B826ACED29D36C8500FE1628 /* HomeView.swift */,
			);
			path = Source;
			sourceTree = "<group>";
		};
		B826ACAE29D33B7D00FE1628 /* PreviewContent */ = {
			isa = PBXGroup;
			children = (
				B826ACAF29D33B7D00FE1628 /* PreviewAssets.xcassets */,
			);
			path = PreviewContent;
			sourceTree = "<group>";
		};
		B826ACB829D33B7D00FE1628 /* UnitTests */ = {
			isa = PBXGroup;
			children = (
				B826ACB929D33B7D00FE1628 /* BitFlyerAssessmentTests.swift */,
			);
			path = UnitTests;
			sourceTree = "<group>";
		};
		B826ACC229D33B7D00FE1628 /* UITests */ = {
			isa = PBXGroup;
			children = (
				B826ACC329D33B7D00FE1628 /* BitFlyerAssessmentUITests.swift */,
				B826ACC529D33B7D00FE1628 /* BitFlyerAssessmentUITestsLaunchTests.swift */,
			);
			path = UITests;
			sourceTree = "<group>";
		};
		B826ACD229D3419300FE1628 /* SupportingFiles */ = {
			isa = PBXGroup;
			children = (
				B826ACD329D342D700FE1628 /* Configs */,
				B826ACAE29D33B7D00FE1628 /* PreviewContent */,
				B826ACAC29D33B7D00FE1628 /* Assets.xcassets */,
				B826ACEA29D3565D00FE1628 /* Info-Main.plist */,
			);
			path = SupportingFiles;
			sourceTree = "<group>";
		};
		B826ACD329D342D700FE1628 /* Configs */ = {
			isa = PBXGroup;
			children = (
				B826ACD629D3432500FE1628 /* Base.xcconfig */,
				B826ACE429D3487C00FE1628 /* Base-Debug.xcconfig */,
				B826ACE529D3488F00FE1628 /* Base-Release.xcconfig */,
				B826ACDF29D345A600FE1628 /* Version.xcconfig */,
				B826ACD429D342FA00FE1628 /* Production.xcconfig */,
				B826ACE029D3475D00FE1628 /* Production-Debug.xcconfig */,
				B826ACE229D3477800FE1628 /* Production-Release.xcconfig */,
				B826ACD529D3431200FE1628 /* Staging.xcconfig */,
				B826ACE129D3476B00FE1628 /* Staging-Debug.xcconfig */,
				B826ACE329D3478800FE1628 /* Staging-Release.xcconfig */,
			);
			path = Configs;
			sourceTree = "<group>";
		};
		B826ACE729D3506F00FE1628 /* Utilities */ = {
			isa = PBXGroup;
			children = (
				B826ACE829D3508200FE1628 /* Config.swift */,
			);
			path = Utilities;
			sourceTree = "<group>";
		};
/* End PBXGroup section */

/* Begin PBXNativeTarget section */
		B826ACA429D33B7B00FE1628 /* Main */ = {
			isa = PBXNativeTarget;
			buildConfigurationList = B826ACC929D33B7D00FE1628 /* Build configuration list for PBXNativeTarget "Main" */;
			buildPhases = (
				B826ACA129D33B7B00FE1628 /* Sources */,
				B826ACA229D33B7B00FE1628 /* Frameworks */,
				B826ACA329D33B7B00FE1628 /* Resources */,
			);
			buildRules = (
			);
			dependencies = (
			);
			name = Main;
			productName = BitFlyerAssessment;
			productReference = B826ACA529D33B7B00FE1628 /* BitFlyerAssessment.app */;
			productType = "com.apple.product-type.application";
		};
		B826ACB429D33B7D00FE1628 /* UnitTests */ = {
			isa = PBXNativeTarget;
			buildConfigurationList = B826ACCC29D33B7D00FE1628 /* Build configuration list for PBXNativeTarget "UnitTests" */;
			buildPhases = (
				B826ACB129D33B7D00FE1628 /* Sources */,
				B826ACB229D33B7D00FE1628 /* Frameworks */,
				B826ACB329D33B7D00FE1628 /* Resources */,
			);
			buildRules = (
			);
			dependencies = (
				B826ACB729D33B7D00FE1628 /* PBXTargetDependency */,
			);
			name = UnitTests;
			productName = BitFlyerAssessmentTests;
			productReference = B826ACB529D33B7D00FE1628 /* BitFlyerAssessment_UnitTests.xctest */;
			productType = "com.apple.product-type.bundle.unit-test";
		};
		B826ACBE29D33B7D00FE1628 /* UITests */ = {
			isa = PBXNativeTarget;
			buildConfigurationList = B826ACCF29D33B7D00FE1628 /* Build configuration list for PBXNativeTarget "UITests" */;
			buildPhases = (
				B826ACBB29D33B7D00FE1628 /* Sources */,
				B826ACBC29D33B7D00FE1628 /* Frameworks */,
				B826ACBD29D33B7D00FE1628 /* Resources */,
			);
			buildRules = (
			);
			dependencies = (
				B826ACC129D33B7D00FE1628 /* PBXTargetDependency */,
			);
			name = UITests;
			productName = BitFlyerAssessmentUITests;
			productReference = B826ACBF29D33B7D00FE1628 /* BitFlyerAssessment_UITests.xctest */;
			productType = "com.apple.product-type.bundle.ui-testing";
		};
/* End PBXNativeTarget section */

/* Begin PBXProject section */
		B826AC9D29D33B7B00FE1628 /* Project object */ = {
			isa = PBXProject;
			attributes = {
				BuildIndependentTargetsInParallel = 1;
				LastSwiftUpdateCheck = 1420;
				LastUpgradeCheck = 1420;
				TargetAttributes = {
					B826ACA429D33B7B00FE1628 = {
						CreatedOnToolsVersion = 14.2;
					};
					B826ACB429D33B7D00FE1628 = {
						CreatedOnToolsVersion = 14.2;
						TestTargetID = B826ACA429D33B7B00FE1628;
					};
					B826ACBE29D33B7D00FE1628 = {
						CreatedOnToolsVersion = 14.2;
						TestTargetID = B826ACA429D33B7B00FE1628;
					};
				};
			};
			buildConfigurationList = B826ACA029D33B7B00FE1628 /* Build configuration list for PBXProject "BitFlyerAssessment" */;
			compatibilityVersion = "Xcode 14.0";
			developmentRegion = en;
			hasScannedForEncodings = 0;
			knownRegions = (
				en,
				Base,
			);
			mainGroup = B826AC9C29D33B7B00FE1628;
			productRefGroup = B826ACA629D33B7B00FE1628 /* Products */;
			projectDirPath = "";
			projectRoot = "";
			targets = (
				B826ACA429D33B7B00FE1628 /* Main */,
				B826ACB429D33B7D00FE1628 /* UnitTests */,
				B826ACBE29D33B7D00FE1628 /* UITests */,
			);
		};
/* End PBXProject section */

/* Begin PBXResourcesBuildPhase section */
		B826ACA329D33B7B00FE1628 /* Resources */ = {
			isa = PBXResourcesBuildPhase;
			buildActionMask = 2147483647;
			files = (
				B826ACB029D33B7D00FE1628 /* PreviewAssets.xcassets in Resources */,
				B826ACAD29D33B7D00FE1628 /* Assets.xcassets in Resources */,
			);
			runOnlyForDeploymentPostprocessing = 0;
		};
		B826ACB329D33B7D00FE1628 /* Resources */ = {
			isa = PBXResourcesBuildPhase;
			buildActionMask = 2147483647;
			files = (
			);
			runOnlyForDeploymentPostprocessing = 0;
		};
		B826ACBD29D33B7D00FE1628 /* Resources */ = {
			isa = PBXResourcesBuildPhase;
			buildActionMask = 2147483647;
			files = (
			);
			runOnlyForDeploymentPostprocessing = 0;
		};
/* End PBXResourcesBuildPhase section */

/* Begin PBXSourcesBuildPhase section */
		B826ACA129D33B7B00FE1628 /* Sources */ = {
			isa = PBXSourcesBuildPhase;
			buildActionMask = 2147483647;
			files = (
				B826ACEE29D36C8500FE1628 /* HomeView.swift in Sources */,
				B826ACA929D33B7B00FE1628 /* Main.swift in Sources */,
				B826ACE929D3508200FE1628 /* Config.swift in Sources */,
			);
			runOnlyForDeploymentPostprocessing = 0;
		};
		B826ACB129D33B7D00FE1628 /* Sources */ = {
			isa = PBXSourcesBuildPhase;
			buildActionMask = 2147483647;
			files = (
				B826ACBA29D33B7D00FE1628 /* BitFlyerAssessmentTests.swift in Sources */,
			);
			runOnlyForDeploymentPostprocessing = 0;
		};
		B826ACBB29D33B7D00FE1628 /* Sources */ = {
			isa = PBXSourcesBuildPhase;
			buildActionMask = 2147483647;
			files = (
				B826ACC429D33B7D00FE1628 /* BitFlyerAssessmentUITests.swift in Sources */,
				B826ACC629D33B7D00FE1628 /* BitFlyerAssessmentUITestsLaunchTests.swift in Sources */,
			);
			runOnlyForDeploymentPostprocessing = 0;
		};
/* End PBXSourcesBuildPhase section */

/* Begin PBXTargetDependency section */
		B826ACB729D33B7D00FE1628 /* PBXTargetDependency */ = {
			isa = PBXTargetDependency;
			target = B826ACA429D33B7B00FE1628 /* Main */;
			targetProxy = B826ACB629D33B7D00FE1628 /* PBXContainerItemProxy */;
		};
		B826ACC129D33B7D00FE1628 /* PBXTargetDependency */ = {
			isa = PBXTargetDependency;
			target = B826ACA429D33B7B00FE1628 /* Main */;
			targetProxy = B826ACC029D33B7D00FE1628 /* PBXContainerItemProxy */;
		};
/* End PBXTargetDependency section */

/* Begin XCBuildConfiguration section */
		B826ACC729D33B7D00FE1628 /* PRODUCTION_DEBUG */ = {
			isa = XCBuildConfiguration;
			buildSettings = {
				ALWAYS_SEARCH_USER_PATHS = NO;
				CLANG_ANALYZER_NONNULL = YES;
				CLANG_ANALYZER_NUMBER_OBJECT_CONVERSION = YES_AGGRESSIVE;
				CLANG_CXX_LANGUAGE_STANDARD = "gnu++20";
				CLANG_ENABLE_MODULES = YES;
				CLANG_ENABLE_OBJC_ARC = YES;
				CLANG_ENABLE_OBJC_WEAK = YES;
				CLANG_WARN_BLOCK_CAPTURE_AUTORELEASING = YES;
				CLANG_WARN_BOOL_CONVERSION = YES;
				CLANG_WARN_COMMA = YES;
				CLANG_WARN_CONSTANT_CONVERSION = YES;
				CLANG_WARN_DEPRECATED_OBJC_IMPLEMENTATIONS = YES;
				CLANG_WARN_DIRECT_OBJC_ISA_USAGE = YES_ERROR;
				CLANG_WARN_DOCUMENTATION_COMMENTS = YES;
				CLANG_WARN_EMPTY_BODY = YES;
				CLANG_WARN_ENUM_CONVERSION = YES;
				CLANG_WARN_INFINITE_RECURSION = YES;
				CLANG_WARN_INT_CONVERSION = YES;
				CLANG_WARN_NON_LITERAL_NULL_CONVERSION = YES;
				CLANG_WARN_OBJC_IMPLICIT_RETAIN_SELF = YES;
				CLANG_WARN_OBJC_LITERAL_CONVERSION = YES;
				CLANG_WARN_OBJC_ROOT_CLASS = YES_ERROR;
				CLANG_WARN_QUOTED_INCLUDE_IN_FRAMEWORK_HEADER = YES;
				CLANG_WARN_RANGE_LOOP_ANALYSIS = YES;
				CLANG_WARN_STRICT_PROTOTYPES = YES;
				CLANG_WARN_SUSPICIOUS_MOVE = YES;
				CLANG_WARN_UNGUARDED_AVAILABILITY = YES_AGGRESSIVE;
				CLANG_WARN_UNREACHABLE_CODE = YES;
				CLANG_WARN__DUPLICATE_METHOD_MATCH = YES;
				COPY_PHASE_STRIP = NO;
				DEBUG_INFORMATION_FORMAT = dwarf;
				ENABLE_STRICT_OBJC_MSGSEND = YES;
				ENABLE_TESTABILITY = YES;
				GCC_C_LANGUAGE_STANDARD = gnu11;
				GCC_DYNAMIC_NO_PIC = NO;
				GCC_NO_COMMON_BLOCKS = YES;
				GCC_OPTIMIZATION_LEVEL = 0;
				GCC_PREPROCESSOR_DEFINITIONS = (
					"DEBUG=1",
					"$(inherited)",
				);
				GCC_WARN_64_TO_32_BIT_CONVERSION = YES;
				GCC_WARN_ABOUT_RETURN_TYPE = YES_ERROR;
				GCC_WARN_UNDECLARED_SELECTOR = YES;
				GCC_WARN_UNINITIALIZED_AUTOS = YES_AGGRESSIVE;
				GCC_WARN_UNUSED_FUNCTION = YES;
				GCC_WARN_UNUSED_VARIABLE = YES;
				IPHONEOS_DEPLOYMENT_TARGET = 14.0;
				MTL_ENABLE_DEBUG_INFO = INCLUDE_SOURCE;
				MTL_FAST_MATH = YES;
				ONLY_ACTIVE_ARCH = YES;
				SDKROOT = iphoneos;
				SWIFT_ACTIVE_COMPILATION_CONDITIONS = DEBUG;
				SWIFT_OPTIMIZATION_LEVEL = "-Onone";
			};
			name = PRODUCTION_DEBUG;
		};
		B826ACC829D33B7D00FE1628 /* PRODUCTION_RELEASE */ = {
			isa = XCBuildConfiguration;
			buildSettings = {
				ALWAYS_SEARCH_USER_PATHS = NO;
				CLANG_ANALYZER_NONNULL = YES;
				CLANG_ANALYZER_NUMBER_OBJECT_CONVERSION = YES_AGGRESSIVE;
				CLANG_CXX_LANGUAGE_STANDARD = "gnu++20";
				CLANG_ENABLE_MODULES = YES;
				CLANG_ENABLE_OBJC_ARC = YES;
				CLANG_ENABLE_OBJC_WEAK = YES;
				CLANG_WARN_BLOCK_CAPTURE_AUTORELEASING = YES;
				CLANG_WARN_BOOL_CONVERSION = YES;
				CLANG_WARN_COMMA = YES;
				CLANG_WARN_CONSTANT_CONVERSION = YES;
				CLANG_WARN_DEPRECATED_OBJC_IMPLEMENTATIONS = YES;
				CLANG_WARN_DIRECT_OBJC_ISA_USAGE = YES_ERROR;
				CLANG_WARN_DOCUMENTATION_COMMENTS = YES;
				CLANG_WARN_EMPTY_BODY = YES;
				CLANG_WARN_ENUM_CONVERSION = YES;
				CLANG_WARN_INFINITE_RECURSION = YES;
				CLANG_WARN_INT_CONVERSION = YES;
				CLANG_WARN_NON_LITERAL_NULL_CONVERSION = YES;
				CLANG_WARN_OBJC_IMPLICIT_RETAIN_SELF = YES;
				CLANG_WARN_OBJC_LITERAL_CONVERSION = YES;
				CLANG_WARN_OBJC_ROOT_CLASS = YES_ERROR;
				CLANG_WARN_QUOTED_INCLUDE_IN_FRAMEWORK_HEADER = YES;
				CLANG_WARN_RANGE_LOOP_ANALYSIS = YES;
				CLANG_WARN_STRICT_PROTOTYPES = YES;
				CLANG_WARN_SUSPICIOUS_MOVE = YES;
				CLANG_WARN_UNGUARDED_AVAILABILITY = YES_AGGRESSIVE;
				CLANG_WARN_UNREACHABLE_CODE = YES;
				CLANG_WARN__DUPLICATE_METHOD_MATCH = YES;
				COPY_PHASE_STRIP = NO;
				DEBUG_INFORMATION_FORMAT = "dwarf-with-dsym";
				ENABLE_NS_ASSERTIONS = NO;
				ENABLE_STRICT_OBJC_MSGSEND = YES;
				GCC_C_LANGUAGE_STANDARD = gnu11;
				GCC_NO_COMMON_BLOCKS = YES;
				GCC_WARN_64_TO_32_BIT_CONVERSION = YES;
				GCC_WARN_ABOUT_RETURN_TYPE = YES_ERROR;
				GCC_WARN_UNDECLARED_SELECTOR = YES;
				GCC_WARN_UNINITIALIZED_AUTOS = YES_AGGRESSIVE;
				GCC_WARN_UNUSED_FUNCTION = YES;
				GCC_WARN_UNUSED_VARIABLE = YES;
				IPHONEOS_DEPLOYMENT_TARGET = 14.0;
				MTL_ENABLE_DEBUG_INFO = NO;
				MTL_FAST_MATH = YES;
				SDKROOT = iphoneos;
				SWIFT_COMPILATION_MODE = wholemodule;
				SWIFT_OPTIMIZATION_LEVEL = "-O";
				VALIDATE_PRODUCT = YES;
			};
			name = PRODUCTION_RELEASE;
		};
		B826ACCA29D33B7D00FE1628 /* PRODUCTION_DEBUG */ = {
			isa = XCBuildConfiguration;
			baseConfigurationReference = B826ACE029D3475D00FE1628 /* Production-Debug.xcconfig */;
			buildSettings = {
				ASSETCATALOG_COMPILER_APPICON_NAME = AppIcon;
				ASSETCATALOG_COMPILER_GLOBAL_ACCENT_COLOR_NAME = AccentColor;
				CODE_SIGN_STYLE = Automatic;
				DEVELOPMENT_ASSET_PATHS = "$(PROJECT_DIR)/SupportingFiles/PreviewContent";
				DEVELOPMENT_TEAM = BZ5D9URT5U;
				ENABLE_PREVIEWS = YES;
				GENERATE_INFOPLIST_FILE = YES;
				INFOPLIST_FILE = "$(PROJECT_DIR)/SupportingFiles/Info-Main.plist";
				INFOPLIST_KEY_UIApplicationSceneManifest_Generation = YES;
				INFOPLIST_KEY_UIApplicationSupportsIndirectInputEvents = YES;
				INFOPLIST_KEY_UILaunchScreen_Generation = YES;
				INFOPLIST_KEY_UISupportedInterfaceOrientations_iPad = "UIInterfaceOrientationPortrait UIInterfaceOrientationPortraitUpsideDown UIInterfaceOrientationLandscapeLeft UIInterfaceOrientationLandscapeRight";
				INFOPLIST_KEY_UISupportedInterfaceOrientations_iPhone = "UIInterfaceOrientationPortrait UIInterfaceOrientationLandscapeLeft UIInterfaceOrientationLandscapeRight";
				LD_RUNPATH_SEARCH_PATHS = (
					"$(inherited)",
					"@executable_path/Frameworks",
				);
				SWIFT_EMIT_LOC_STRINGS = YES;
				SWIFT_VERSION = 5.0;
			};
			name = PRODUCTION_DEBUG;
		};
		B826ACCB29D33B7D00FE1628 /* PRODUCTION_RELEASE */ = {
			isa = XCBuildConfiguration;
			baseConfigurationReference = B826ACE229D3477800FE1628 /* Production-Release.xcconfig */;
			buildSettings = {
				ASSETCATALOG_COMPILER_APPICON_NAME = AppIcon;
				ASSETCATALOG_COMPILER_GLOBAL_ACCENT_COLOR_NAME = AccentColor;
				CODE_SIGN_STYLE = Automatic;
				DEVELOPMENT_ASSET_PATHS = "$(PROJECT_DIR)/SupportingFiles/PreviewContent";
				DEVELOPMENT_TEAM = BZ5D9URT5U;
				ENABLE_PREVIEWS = YES;
				GENERATE_INFOPLIST_FILE = YES;
				INFOPLIST_FILE = "$(PROJECT_DIR)/SupportingFiles/Info-Main.plist";
				INFOPLIST_KEY_UIApplicationSceneManifest_Generation = YES;
				INFOPLIST_KEY_UIApplicationSupportsIndirectInputEvents = YES;
				INFOPLIST_KEY_UILaunchScreen_Generation = YES;
				INFOPLIST_KEY_UISupportedInterfaceOrientations_iPad = "UIInterfaceOrientationPortrait UIInterfaceOrientationPortraitUpsideDown UIInterfaceOrientationLandscapeLeft UIInterfaceOrientationLandscapeRight";
				INFOPLIST_KEY_UISupportedInterfaceOrientations_iPhone = "UIInterfaceOrientationPortrait UIInterfaceOrientationLandscapeLeft UIInterfaceOrientationLandscapeRight";
				LD_RUNPATH_SEARCH_PATHS = (
					"$(inherited)",
					"@executable_path/Frameworks",
				);
				SWIFT_EMIT_LOC_STRINGS = YES;
				SWIFT_VERSION = 5.0;
			};
			name = PRODUCTION_RELEASE;
		};
		B826ACCD29D33B7D00FE1628 /* PRODUCTION_DEBUG */ = {
			isa = XCBuildConfiguration;
			baseConfigurationReference = B826ACE029D3475D00FE1628 /* Production-Debug.xcconfig */;
			buildSettings = {
				ALWAYS_EMBED_SWIFT_STANDARD_LIBRARIES = YES;
				BUNDLE_LOADER = "$(TEST_HOST)";
				CODE_SIGN_STYLE = Automatic;
				CURRENT_PROJECT_VERSION = 1;
				DEVELOPMENT_TEAM = BZ5D9URT5U;
				GENERATE_INFOPLIST_FILE = YES;
				MARKETING_VERSION = 1.0;
				PRODUCT_BUNDLE_IDENTIFIER = com.nanda.BitFlyerAssessmentTests;
				PRODUCT_NAME = BitFlyerAssessment_UnitTests;
				SWIFT_EMIT_LOC_STRINGS = NO;
				SWIFT_VERSION = 5.0;
				TEST_HOST = "$(BUILT_PRODUCTS_DIR)/BitFlyerAssessment.app/$(BUNDLE_EXECUTABLE_FOLDER_PATH)/BitFlyerAssessment";
			};
			name = PRODUCTION_DEBUG;
		};
		B826ACCE29D33B7D00FE1628 /* PRODUCTION_RELEASE */ = {
			isa = XCBuildConfiguration;
			baseConfigurationReference = B826ACE229D3477800FE1628 /* Production-Release.xcconfig */;
			buildSettings = {
				ALWAYS_EMBED_SWIFT_STANDARD_LIBRARIES = YES;
				BUNDLE_LOADER = "$(TEST_HOST)";
				CODE_SIGN_STYLE = Automatic;
				CURRENT_PROJECT_VERSION = 1;
				DEVELOPMENT_TEAM = BZ5D9URT5U;
				GENERATE_INFOPLIST_FILE = YES;
				MARKETING_VERSION = 1.0;
				PRODUCT_BUNDLE_IDENTIFIER = com.nanda.BitFlyerAssessmentTests;
				PRODUCT_NAME = BitFlyerAssessment_UnitTests;
				SWIFT_EMIT_LOC_STRINGS = NO;
				SWIFT_VERSION = 5.0;
				TEST_HOST = "$(BUILT_PRODUCTS_DIR)/BitFlyerAssessment.app/$(BUNDLE_EXECUTABLE_FOLDER_PATH)/BitFlyerAssessment";
			};
			name = PRODUCTION_RELEASE;
		};
		B826ACD029D33B7D00FE1628 /* PRODUCTION_DEBUG */ = {
			isa = XCBuildConfiguration;
			baseConfigurationReference = B826ACE029D3475D00FE1628 /* Production-Debug.xcconfig */;
			buildSettings = {
				ALWAYS_EMBED_SWIFT_STANDARD_LIBRARIES = YES;
				CODE_SIGN_STYLE = Automatic;
				CURRENT_PROJECT_VERSION = 1;
				DEVELOPMENT_TEAM = BZ5D9URT5U;
				GENERATE_INFOPLIST_FILE = YES;
				MARKETING_VERSION = 1.0;
				PRODUCT_BUNDLE_IDENTIFIER = com.nanda.BitFlyerAssessmentUITests;
				PRODUCT_NAME = BitFlyerAssessment_UITests;
				PROVISIONING_PROFILE = "";
				SWIFT_EMIT_LOC_STRINGS = NO;
				SWIFT_VERSION = 5.0;
				TEST_TARGET_NAME = Main;
			};
			name = PRODUCTION_DEBUG;
		};
		B826ACD129D33B7D00FE1628 /* PRODUCTION_RELEASE */ = {
			isa = XCBuildConfiguration;
			baseConfigurationReference = B826ACE229D3477800FE1628 /* Production-Release.xcconfig */;
			buildSettings = {
				ALWAYS_EMBED_SWIFT_STANDARD_LIBRARIES = YES;
				CODE_SIGN_STYLE = Automatic;
				CURRENT_PROJECT_VERSION = 1;
				DEVELOPMENT_TEAM = BZ5D9URT5U;
				GENERATE_INFOPLIST_FILE = YES;
				MARKETING_VERSION = 1.0;
				PRODUCT_BUNDLE_IDENTIFIER = com.nanda.BitFlyerAssessmentUITests;
				PRODUCT_NAME = BitFlyerAssessment_UITests;
				PROVISIONING_PROFILE = "";
				SWIFT_EMIT_LOC_STRINGS = NO;
				SWIFT_VERSION = 5.0;
				TEST_TARGET_NAME = Main;
			};
			name = PRODUCTION_RELEASE;
		};
		B826ACD729D3440E00FE1628 /* STAGING_DEBUG */ = {
			isa = XCBuildConfiguration;
			buildSettings = {
				ALWAYS_SEARCH_USER_PATHS = NO;
				CLANG_ANALYZER_NONNULL = YES;
				CLANG_ANALYZER_NUMBER_OBJECT_CONVERSION = YES_AGGRESSIVE;
				CLANG_CXX_LANGUAGE_STANDARD = "gnu++20";
				CLANG_ENABLE_MODULES = YES;
				CLANG_ENABLE_OBJC_ARC = YES;
				CLANG_ENABLE_OBJC_WEAK = YES;
				CLANG_WARN_BLOCK_CAPTURE_AUTORELEASING = YES;
				CLANG_WARN_BOOL_CONVERSION = YES;
				CLANG_WARN_COMMA = YES;
				CLANG_WARN_CONSTANT_CONVERSION = YES;
				CLANG_WARN_DEPRECATED_OBJC_IMPLEMENTATIONS = YES;
				CLANG_WARN_DIRECT_OBJC_ISA_USAGE = YES_ERROR;
				CLANG_WARN_DOCUMENTATION_COMMENTS = YES;
				CLANG_WARN_EMPTY_BODY = YES;
				CLANG_WARN_ENUM_CONVERSION = YES;
				CLANG_WARN_INFINITE_RECURSION = YES;
				CLANG_WARN_INT_CONVERSION = YES;
				CLANG_WARN_NON_LITERAL_NULL_CONVERSION = YES;
				CLANG_WARN_OBJC_IMPLICIT_RETAIN_SELF = YES;
				CLANG_WARN_OBJC_LITERAL_CONVERSION = YES;
				CLANG_WARN_OBJC_ROOT_CLASS = YES_ERROR;
				CLANG_WARN_QUOTED_INCLUDE_IN_FRAMEWORK_HEADER = YES;
				CLANG_WARN_RANGE_LOOP_ANALYSIS = YES;
				CLANG_WARN_STRICT_PROTOTYPES = YES;
				CLANG_WARN_SUSPICIOUS_MOVE = YES;
				CLANG_WARN_UNGUARDED_AVAILABILITY = YES_AGGRESSIVE;
				CLANG_WARN_UNREACHABLE_CODE = YES;
				CLANG_WARN__DUPLICATE_METHOD_MATCH = YES;
				COPY_PHASE_STRIP = NO;
				DEBUG_INFORMATION_FORMAT = "dwarf-with-dsym";
				ENABLE_NS_ASSERTIONS = NO;
				ENABLE_STRICT_OBJC_MSGSEND = YES;
				GCC_C_LANGUAGE_STANDARD = gnu11;
				GCC_NO_COMMON_BLOCKS = YES;
				GCC_WARN_64_TO_32_BIT_CONVERSION = YES;
				GCC_WARN_ABOUT_RETURN_TYPE = YES_ERROR;
				GCC_WARN_UNDECLARED_SELECTOR = YES;
				GCC_WARN_UNINITIALIZED_AUTOS = YES_AGGRESSIVE;
				GCC_WARN_UNUSED_FUNCTION = YES;
				GCC_WARN_UNUSED_VARIABLE = YES;
				IPHONEOS_DEPLOYMENT_TARGET = 14.0;
				MTL_ENABLE_DEBUG_INFO = NO;
				MTL_FAST_MATH = YES;
				SDKROOT = iphoneos;
				SWIFT_COMPILATION_MODE = wholemodule;
				SWIFT_OPTIMIZATION_LEVEL = "-O";
				VALIDATE_PRODUCT = YES;
			};
			name = STAGING_DEBUG;
		};
		B826ACD829D3440E00FE1628 /* STAGING_DEBUG */ = {
			isa = XCBuildConfiguration;
			baseConfigurationReference = B826ACE129D3476B00FE1628 /* Staging-Debug.xcconfig */;
			buildSettings = {
				ASSETCATALOG_COMPILER_APPICON_NAME = AppIcon;
				ASSETCATALOG_COMPILER_GLOBAL_ACCENT_COLOR_NAME = AccentColor;
				CODE_SIGN_STYLE = Automatic;
				DEVELOPMENT_ASSET_PATHS = "$(PROJECT_DIR)/SupportingFiles/PreviewContent";
				DEVELOPMENT_TEAM = BZ5D9URT5U;
				ENABLE_PREVIEWS = YES;
				GENERATE_INFOPLIST_FILE = YES;
				INFOPLIST_FILE = "$(PROJECT_DIR)/SupportingFiles/Info-Main.plist";
				INFOPLIST_KEY_UIApplicationSceneManifest_Generation = YES;
				INFOPLIST_KEY_UIApplicationSupportsIndirectInputEvents = YES;
				INFOPLIST_KEY_UILaunchScreen_Generation = YES;
				INFOPLIST_KEY_UISupportedInterfaceOrientations_iPad = "UIInterfaceOrientationPortrait UIInterfaceOrientationPortraitUpsideDown UIInterfaceOrientationLandscapeLeft UIInterfaceOrientationLandscapeRight";
				INFOPLIST_KEY_UISupportedInterfaceOrientations_iPhone = "UIInterfaceOrientationPortrait UIInterfaceOrientationLandscapeLeft UIInterfaceOrientationLandscapeRight";
				LD_RUNPATH_SEARCH_PATHS = (
					"$(inherited)",
					"@executable_path/Frameworks",
				);
				SWIFT_EMIT_LOC_STRINGS = YES;
				SWIFT_VERSION = 5.0;
			};
			name = STAGING_DEBUG;
		};
		B826ACD929D3440E00FE1628 /* STAGING_DEBUG */ = {
			isa = XCBuildConfiguration;
			baseConfigurationReference = B826ACE129D3476B00FE1628 /* Staging-Debug.xcconfig */;
			buildSettings = {
				ALWAYS_EMBED_SWIFT_STANDARD_LIBRARIES = YES;
				BUNDLE_LOADER = "$(TEST_HOST)";
				CODE_SIGN_STYLE = Automatic;
				CURRENT_PROJECT_VERSION = 1;
				DEVELOPMENT_TEAM = BZ5D9URT5U;
				GENERATE_INFOPLIST_FILE = YES;
				MARKETING_VERSION = 1.0;
				PRODUCT_BUNDLE_IDENTIFIER = com.nanda.BitFlyerAssessmentTests;
				PRODUCT_NAME = BitFlyerAssessment_UnitTests;
				SWIFT_EMIT_LOC_STRINGS = NO;
				SWIFT_VERSION = 5.0;
				TEST_HOST = "$(BUILT_PRODUCTS_DIR)/BitFlyerAssessment.app/$(BUNDLE_EXECUTABLE_FOLDER_PATH)/BitFlyerAssessment";
			};
			name = STAGING_DEBUG;
		};
		B826ACDA29D3440E00FE1628 /* STAGING_DEBUG */ = {
			isa = XCBuildConfiguration;
			baseConfigurationReference = B826ACE129D3476B00FE1628 /* Staging-Debug.xcconfig */;
			buildSettings = {
				ALWAYS_EMBED_SWIFT_STANDARD_LIBRARIES = YES;
				CODE_SIGN_STYLE = Automatic;
				CURRENT_PROJECT_VERSION = 1;
				DEVELOPMENT_TEAM = BZ5D9URT5U;
				GENERATE_INFOPLIST_FILE = YES;
				MARKETING_VERSION = 1.0;
				PRODUCT_BUNDLE_IDENTIFIER = com.nanda.BitFlyerAssessmentUITests;
				PRODUCT_NAME = BitFlyerAssessment_UITests;
				PROVISIONING_PROFILE = "";
				SWIFT_EMIT_LOC_STRINGS = NO;
				SWIFT_VERSION = 5.0;
				TEST_TARGET_NAME = Main;
			};
			name = STAGING_DEBUG;
		};
		B826ACDB29D3441800FE1628 /* STAGING_RELEASE */ = {
			isa = XCBuildConfiguration;
			buildSettings = {
				ALWAYS_SEARCH_USER_PATHS = NO;
				CLANG_ANALYZER_NONNULL = YES;
				CLANG_ANALYZER_NUMBER_OBJECT_CONVERSION = YES_AGGRESSIVE;
				CLANG_CXX_LANGUAGE_STANDARD = "gnu++20";
				CLANG_ENABLE_MODULES = YES;
				CLANG_ENABLE_OBJC_ARC = YES;
				CLANG_ENABLE_OBJC_WEAK = YES;
				CLANG_WARN_BLOCK_CAPTURE_AUTORELEASING = YES;
				CLANG_WARN_BOOL_CONVERSION = YES;
				CLANG_WARN_COMMA = YES;
				CLANG_WARN_CONSTANT_CONVERSION = YES;
				CLANG_WARN_DEPRECATED_OBJC_IMPLEMENTATIONS = YES;
				CLANG_WARN_DIRECT_OBJC_ISA_USAGE = YES_ERROR;
				CLANG_WARN_DOCUMENTATION_COMMENTS = YES;
				CLANG_WARN_EMPTY_BODY = YES;
				CLANG_WARN_ENUM_CONVERSION = YES;
				CLANG_WARN_INFINITE_RECURSION = YES;
				CLANG_WARN_INT_CONVERSION = YES;
				CLANG_WARN_NON_LITERAL_NULL_CONVERSION = YES;
				CLANG_WARN_OBJC_IMPLICIT_RETAIN_SELF = YES;
				CLANG_WARN_OBJC_LITERAL_CONVERSION = YES;
				CLANG_WARN_OBJC_ROOT_CLASS = YES_ERROR;
				CLANG_WARN_QUOTED_INCLUDE_IN_FRAMEWORK_HEADER = YES;
				CLANG_WARN_RANGE_LOOP_ANALYSIS = YES;
				CLANG_WARN_STRICT_PROTOTYPES = YES;
				CLANG_WARN_SUSPICIOUS_MOVE = YES;
				CLANG_WARN_UNGUARDED_AVAILABILITY = YES_AGGRESSIVE;
				CLANG_WARN_UNREACHABLE_CODE = YES;
				CLANG_WARN__DUPLICATE_METHOD_MATCH = YES;
				COPY_PHASE_STRIP = NO;
				DEBUG_INFORMATION_FORMAT = "dwarf-with-dsym";
				ENABLE_NS_ASSERTIONS = NO;
				ENABLE_STRICT_OBJC_MSGSEND = YES;
				GCC_C_LANGUAGE_STANDARD = gnu11;
				GCC_NO_COMMON_BLOCKS = YES;
				GCC_WARN_64_TO_32_BIT_CONVERSION = YES;
				GCC_WARN_ABOUT_RETURN_TYPE = YES_ERROR;
				GCC_WARN_UNDECLARED_SELECTOR = YES;
				GCC_WARN_UNINITIALIZED_AUTOS = YES_AGGRESSIVE;
				GCC_WARN_UNUSED_FUNCTION = YES;
				GCC_WARN_UNUSED_VARIABLE = YES;
				IPHONEOS_DEPLOYMENT_TARGET = 14.0;
				MTL_ENABLE_DEBUG_INFO = NO;
				MTL_FAST_MATH = YES;
				SDKROOT = iphoneos;
				SWIFT_COMPILATION_MODE = wholemodule;
				SWIFT_OPTIMIZATION_LEVEL = "-O";
				VALIDATE_PRODUCT = YES;
			};
			name = STAGING_RELEASE;
		};
		B826ACDC29D3441800FE1628 /* STAGING_RELEASE */ = {
			isa = XCBuildConfiguration;
			baseConfigurationReference = B826ACE329D3478800FE1628 /* Staging-Release.xcconfig */;
			buildSettings = {
				ASSETCATALOG_COMPILER_APPICON_NAME = AppIcon;
				ASSETCATALOG_COMPILER_GLOBAL_ACCENT_COLOR_NAME = AccentColor;
				CODE_SIGN_STYLE = Automatic;
				DEVELOPMENT_ASSET_PATHS = "$(PROJECT_DIR)/SupportingFiles/PreviewContent";
				DEVELOPMENT_TEAM = BZ5D9URT5U;
				ENABLE_PREVIEWS = YES;
				GENERATE_INFOPLIST_FILE = YES;
				INFOPLIST_FILE = "$(PROJECT_DIR)/SupportingFiles/Info-Main.plist";
				INFOPLIST_KEY_UIApplicationSceneManifest_Generation = YES;
				INFOPLIST_KEY_UIApplicationSupportsIndirectInputEvents = YES;
				INFOPLIST_KEY_UILaunchScreen_Generation = YES;
				INFOPLIST_KEY_UISupportedInterfaceOrientations_iPad = "UIInterfaceOrientationPortrait UIInterfaceOrientationPortraitUpsideDown UIInterfaceOrientationLandscapeLeft UIInterfaceOrientationLandscapeRight";
				INFOPLIST_KEY_UISupportedInterfaceOrientations_iPhone = "UIInterfaceOrientationPortrait UIInterfaceOrientationLandscapeLeft UIInterfaceOrientationLandscapeRight";
				LD_RUNPATH_SEARCH_PATHS = (
					"$(inherited)",
					"@executable_path/Frameworks",
				);
				SWIFT_EMIT_LOC_STRINGS = YES;
				SWIFT_VERSION = 5.0;
			};
			name = STAGING_RELEASE;
		};
		B826ACDD29D3441800FE1628 /* STAGING_RELEASE */ = {
			isa = XCBuildConfiguration;
			baseConfigurationReference = B826ACE329D3478800FE1628 /* Staging-Release.xcconfig */;
			buildSettings = {
				ALWAYS_EMBED_SWIFT_STANDARD_LIBRARIES = YES;
				BUNDLE_LOADER = "$(TEST_HOST)";
				CODE_SIGN_STYLE = Automatic;
				CURRENT_PROJECT_VERSION = 1;
				DEVELOPMENT_TEAM = BZ5D9URT5U;
				GENERATE_INFOPLIST_FILE = YES;
				MARKETING_VERSION = 1.0;
				PRODUCT_BUNDLE_IDENTIFIER = com.nanda.BitFlyerAssessmentTests;
				PRODUCT_NAME = BitFlyerAssessment_UnitTests;
				SWIFT_EMIT_LOC_STRINGS = NO;
				SWIFT_VERSION = 5.0;
				TEST_HOST = "$(BUILT_PRODUCTS_DIR)/BitFlyerAssessment.app/$(BUNDLE_EXECUTABLE_FOLDER_PATH)/BitFlyerAssessment";
			};
			name = STAGING_RELEASE;
		};
		B826ACDE29D3441800FE1628 /* STAGING_RELEASE */ = {
			isa = XCBuildConfiguration;
			baseConfigurationReference = B826ACE329D3478800FE1628 /* Staging-Release.xcconfig */;
			buildSettings = {
				ALWAYS_EMBED_SWIFT_STANDARD_LIBRARIES = YES;
				CODE_SIGN_STYLE = Automatic;
				CURRENT_PROJECT_VERSION = 1;
				DEVELOPMENT_TEAM = BZ5D9URT5U;
				GENERATE_INFOPLIST_FILE = YES;
				MARKETING_VERSION = 1.0;
				PRODUCT_BUNDLE_IDENTIFIER = com.nanda.BitFlyerAssessmentUITests;
				PRODUCT_NAME = BitFlyerAssessment_UITests;
				PROVISIONING_PROFILE = "";
				SWIFT_EMIT_LOC_STRINGS = NO;
				SWIFT_VERSION = 5.0;
				TEST_TARGET_NAME = Main;
			};
			name = STAGING_RELEASE;
		};
/* End XCBuildConfiguration section */

/* Begin XCConfigurationList section */
		B826ACA029D33B7B00FE1628 /* Build configuration list for PBXProject "BitFlyerAssessment" */ = {
			isa = XCConfigurationList;
			buildConfigurations = (
				B826ACC729D33B7D00FE1628 /* PRODUCTION_DEBUG */,
				B826ACC829D33B7D00FE1628 /* PRODUCTION_RELEASE */,
				B826ACD729D3440E00FE1628 /* STAGING_DEBUG */,
				B826ACDB29D3441800FE1628 /* STAGING_RELEASE */,
			);
			defaultConfigurationIsVisible = 0;
			defaultConfigurationName = PRODUCTION_RELEASE;
		};
		B826ACC929D33B7D00FE1628 /* Build configuration list for PBXNativeTarget "Main" */ = {
			isa = XCConfigurationList;
			buildConfigurations = (
				B826ACCA29D33B7D00FE1628 /* PRODUCTION_DEBUG */,
				B826ACCB29D33B7D00FE1628 /* PRODUCTION_RELEASE */,
				B826ACD829D3440E00FE1628 /* STAGING_DEBUG */,
				B826ACDC29D3441800FE1628 /* STAGING_RELEASE */,
			);
			defaultConfigurationIsVisible = 0;
			defaultConfigurationName = PRODUCTION_RELEASE;
		};
		B826ACCC29D33B7D00FE1628 /* Build configuration list for PBXNativeTarget "UnitTests" */ = {
			isa = XCConfigurationList;
			buildConfigurations = (
				B826ACCD29D33B7D00FE1628 /* PRODUCTION_DEBUG */,
				B826ACCE29D33B7D00FE1628 /* PRODUCTION_RELEASE */,
				B826ACD929D3440E00FE1628 /* STAGING_DEBUG */,
				B826ACDD29D3441800FE1628 /* STAGING_RELEASE */,
			);
			defaultConfigurationIsVisible = 0;
			defaultConfigurationName = PRODUCTION_RELEASE;
		};
		B826ACCF29D33B7D00FE1628 /* Build configuration list for PBXNativeTarget "UITests" */ = {
			isa = XCConfigurationList;
			buildConfigurations = (
				B826ACD029D33B7D00FE1628 /* PRODUCTION_DEBUG */,
				B826ACD129D33B7D00FE1628 /* PRODUCTION_RELEASE */,
				B826ACDA29D3440E00FE1628 /* STAGING_DEBUG */,
				B826ACDE29D3441800FE1628 /* STAGING_RELEASE */,
			);
			defaultConfigurationIsVisible = 0;
			defaultConfigurationName = PRODUCTION_RELEASE;
		};
/* End XCConfigurationList section */
	};
	rootObject = B826AC9D29D33B7B00FE1628 /* Project object */;
}
